
<Solution>
  <Folder Name="/Заметки/">
    <File Path=".notes/IDEAS.md" />
    <File Path=".notes/IdeasAI Возвращение результатов хода.md" />
    <File Path=".notes/IdeasAI избежать шах.md" />
    <File Path=".notes/IdeasAI.md" />
    <File Path=".notes/Reflection.md" />
    <File Path=".notes/TODO.md" />
  </Folder>
  <Project Path="ChessApp\ChessApp.csproj" />
</Solution>
